<?xml version="1.0" encoding="utf-8"?>
<Project ToolsVersion="4.0" xmlns="http://schemas.microsoft.com/developer/msbuild/2003">
  <ItemGroup>
    <Filter Include="소스 파일">
      <UniqueIdentifier>{4FC737F1-C7A5-4376-A066-2A32D752A2FF}</UniqueIdentifier>
      <Extensions>cpp;c;cc;cxx;c++;cppm;ixx;def;odl;idl;hpj;bat;asm;asmx</Extensions>
    </Filter>
    <Filter Include="헤더 파일">
      <UniqueIdentifier>{93995380-89BD-4b04-88EB-625FBE52EBFB}</UniqueIdentifier>
      <Extensions>h;hh;hpp;hxx;h++;hm;inl;inc;ipp;xsd</Extensions>
    </Filter>
    <Filter Include="리소스 파일">
      <UniqueIdentifier>{67DA6AB6-F800-4c08-8B7A-83BB121AAD01}</UniqueIdentifier>
      <Extensions>rc;ico;cur;bmp;dlg;rc2;rct;bin;rgs;gif;jpg;jpeg;jpe;resx;tiff;tif;png;wav;mfcribbon-ms</Extensions>
    </Filter>
  </ItemGroup>
  <ItemGroup>
    <ClCompile Include="main.cpp">
      <Filter>소스 파일</Filter>
    </ClCompile>
    <ClCompile Include="VkUtils\DescriptorBuilder.cpp">
      <Filter>소스 파일</Filter>
    </ClCompile>
    <ClCompile Include="Rendering\VulkanRenderer.cpp">
      <Filter>소스 파일</Filter>
    </ClCompile>
    <ClCompile Include="VkUtils\DescriptorManager.cpp">
      <Filter>소스 파일</Filter>
    </ClCompile>
    <ClCompile Include="VkUtils\ResourceManager.cpp">
      <Filter>소스 파일</Filter>
    </ClCompile>
    <ClCompile Include="Rendering\Mesh.cpp">
      <Filter>소스 파일</Filter>
    </ClCompile>
    <ClCompile Include="Rendering\Camera.cpp">
      <Filter>소스 파일</Filter>
    </ClCompile>
    <ClCompile Include="Editor\Editor.cpp">
      <Filter>소스 파일</Filter>
    </ClCompile>
    <ClCompile Include="..\ThirdParty\imgui\imgui_impl_vulkan.cpp">
      <Filter>소스 파일</Filter>
    </ClCompile>
    <ClCompile Include="..\ThirdParty\imgui\imgui.cpp">
      <Filter>소스 파일</Filter>
    </ClCompile>
    <ClCompile Include="..\ThirdParty\imgui\imgui_impl_glfw.cpp">
      <Filter>소스 파일</Filter>
    </ClCompile>
    <ClCompile Include="..\ThirdParty\imgui\imgui_demo.cpp">
      <Filter>소스 파일</Filter>
    </ClCompile>
    <ClCompile Include="..\ThirdParty\imgui\imgui_draw.cpp">
      <Filter>소스 파일</Filter>
    </ClCompile>
    <ClCompile Include="..\ThirdParty\imgui\imgui_tables.cpp">
      <Filter>소스 파일</Filter>
    </ClCompile>
    <ClCompile Include="..\ThirdParty\imgui\imgui_widgets.cpp">
      <Filter>소스 파일</Filter>
    </ClCompile>
    <ClCompile Include="Rendering\CullingRenderPass.cpp">
      <Filter>소스 파일</Filter>
    </ClCompile>
    <ClCompile Include="VkUtils\ChooseFunc.h">
      <Filter>소스 파일</Filter>
    </ClCompile>
    <ClCompile Include="Utils\ModelLoader.cpp">
      <Filter>소스 파일</Filter>
    </ClCompile>
    <ClCompile Include="..\ThirdParty\imgui\ImGuizmo.cpp">
      <Filter>소스 파일</Filter>
    </ClCompile>
    <ClCompile Include="Rendering\BasicLightingPass.cpp">
      <Filter>소스 파일</Filter>
    </ClCompile>
    <ClCompile Include="Rendering\IRenderPass.cpp">
      <Filter>소스 파일</Filter>
    </ClCompile>
    <ClCompile Include="Rendering\BatchSystem.cpp">
      <Filter>소스 파일</Filter>
    </ClCompile>
  </ItemGroup>
  <ItemGroup>
    <ClInclude Include="VkUtils\DescriptorBuilder.h">
      <Filter>헤더 파일</Filter>
    </ClInclude>
    <ClInclude Include="pch.h">
      <Filter>헤더 파일</Filter>
    </ClInclude>
    <ClInclude Include="Rendering\VulkanRenderer.h">
      <Filter>헤더 파일</Filter>
    </ClInclude>
    <ClInclude Include="Rendering\Components.h">
      <Filter>헤더 파일</Filter>
    </ClInclude>
    <ClInclude Include="VkUtils\DescriptorManager.h">
      <Filter>헤더 파일</Filter>
    </ClInclude>
    <ClInclude Include="VkUtils\QueueFamilyIndices.h">
      <Filter>헤더 파일</Filter>
    </ClInclude>
    <ClInclude Include="Rendering\Core.h">
      <Filter>헤더 파일</Filter>
    </ClInclude>
    <ClInclude Include="Rendering\Swapchain.h">
      <Filter>헤더 파일</Filter>
    </ClInclude>
    <ClInclude Include="VkUtils\ShaderModule.h">
      <Filter>헤더 파일</Filter>
    </ClInclude>
    <ClInclude Include="Utils\StringUtil.h">
      <Filter>헤더 파일</Filter>
    </ClInclude>
    <ClInclude Include="Rendering\Mesh.h">
      <Filter>헤더 파일</Filter>
    </ClInclude>
    <ClInclude Include="Rendering\Camera.h">
      <Filter>헤더 파일</Filter>
    </ClInclude>
    <ClInclude Include="Editor\Editor.h">
      <Filter>헤더 파일</Filter>
    </ClInclude>
    <ClInclude Include="Utils\BoundingBox.h">
      <Filter>헤더 파일</Filter>
    </ClInclude>
    <ClInclude Include="..\ThirdParty\imgui\imgui_impl_glfw.h">
      <Filter>헤더 파일</Filter>
    </ClInclude>
    <ClInclude Include="..\ThirdParty\imgui\imgui.h">
      <Filter>헤더 파일</Filter>
    </ClInclude>
    <ClInclude Include="..\ThirdParty\imgui\imgui_impl_vulkan.h">
      <Filter>헤더 파일</Filter>
    </ClInclude>
    <ClInclude Include="..\ThirdParty\imgui\imgui_internal.h">
      <Filter>헤더 파일</Filter>
    </ClInclude>
    <ClInclude Include="..\ThirdParty\imgui\imstb_rectpack.h">
      <Filter>헤더 파일</Filter>
    </ClInclude>
    <ClInclude Include="..\ThirdParty\imgui\imstb_textedit.h">
      <Filter>헤더 파일</Filter>
    </ClInclude>
    <ClInclude Include="..\ThirdParty\imgui\imstb_truetype.h">
      <Filter>헤더 파일</Filter>
    </ClInclude>
    <ClInclude Include="..\ThirdParty\imgui\imconfig.h">
      <Filter>헤더 파일</Filter>
    </ClInclude>
    <ClInclude Include="Rendering\BatchSystem.h">
      <Filter>헤더 파일</Filter>
    </ClInclude>
    <ClInclude Include="Rendering\IRenderPass.h">
      <Filter>헤더 파일</Filter>
    </ClInclude>
    <ClInclude Include="Rendering\CullingRenderPass.h">
      <Filter>헤더 파일</Filter>
    </ClInclude>
    <ClInclude Include="Utils\Singleton.h">
      <Filter>헤더 파일</Filter>
    </ClInclude>
    <ClInclude Include="Rendering\RenderSetting.h">
      <Filter>헤더 파일</Filter>
    </ClInclude>
    <ClInclude Include="Utils\ModelLoader.h">
      <Filter>헤더 파일</Filter>
    </ClInclude>
    <ClInclude Include="Utils\ThreadPool.h">
      <Filter>헤더 파일</Filter>
    </ClInclude>
    <ClInclude Include="Utils\TaskQueue.h">
      <Filter>헤더 파일</Filter>
    </ClInclude>
    <ClInclude Include="Utils\TextureUtils.h">
      <Filter>헤더 파일</Filter>
    </ClInclude>
    <ClInclude Include="..\ThirdParty\imgui\ImGuizmo.h">
      <Filter>헤더 파일</Filter>
    </ClInclude>
    <ClInclude Include="Rendering\BasicLightingPass.h">
      <Filter>헤더 파일</Filter>
    </ClInclude>
    <ClInclude Include="VkUtils\ResourceManager.h">
      <Filter>헤더 파일</Filter>
    </ClInclude>
    <ClInclude Include="Rendering\Buffer.h">
      <Filter>헤더 파일</Filter>
    </ClInclude>
    <ClInclude Include="Rendering\Image.h">
      <Filter>헤더 파일</Filter>
    </ClInclude>
    <ClInclude Include="Rendering\PostprocessingPass.h">
      <Filter>헤더 파일</Filter>
    </ClInclude>
    <ClInclude Include="tiny-stable-diffusion\TinyStableDiffusionhi.h">
      <Filter>헤더 파일</Filter>
    </ClInclude>
    <ClInclude Include="tiny-stable-diffusion-main\TinyStableDiffusion.h">
      <Filter>헤더 파일</Filter>
    </ClInclude>
    <ClInclude Include="extern\tiny-stable-diffusion\TinyStableDiffusion.h">
      <Filter>헤더 파일</Filter>
    </ClInclude>
    <ClInclude Include="Rendering\SharedCpuGpu.h">
      <Filter>헤더 파일</Filter>
    </ClInclude>
  </ItemGroup>
  <ItemGroup>
    <None Include=".clang-format" />
    <None Include="Resources\Shaders\compile_shaders.bat">
      <Filter>소스 파일</Filter>
    </None>
    <None Include="Resources\Shaders\BasicMS.mesh" />
    <None Include="Resources\Shaders\BasicPS.frag" />
    <None Include="Resources\Shaders\BasicTS.task" />
  </ItemGroup>
</Project>